
Microsoft Visual Studio Solution File, Format Version 12.00
# Visual Studio Version 17
VisualStudioVersion = 17.1.32210.238
MinimumVisualStudioVersion = 10.0.40219.1
Project("{FAE04EC0-301F-11D3-BF4B-00C04F79EFBC}") = "TestXamarin.Android", "TestXamarin\TestXamarin.Android\TestXamarin.Android.csproj", "{C6C7B2CF-E7A2-4609-8A36-80D765628235}"
EndProject
Project("{FAE04EC0-301F-11D3-BF4B-00C04F79EFBC}") = "TestXamarin.iOS", "TestXamarin\TestXamarin.iOS\TestXamarin.iOS.csproj", "{4C591192-6E15-43F9-B6E1-BC499098F2A9}"
EndProject
Project("{FAE04EC0-301F-11D3-BF4B-00C04F79EFBC}") = "TestXamarin", "TestXamarin\TestXamarin\TestXamarin.csproj", "{7B69E434-F5BB-4AD3-A071-5D50CDD82D12}"
EndProject
Global
	GlobalSection(SolutionConfigurationPlatforms) = preSolution
		Debug|Any CPU = Debug|Any CPU
		Debug|iPhone = Debug|iPhone
		Debug|iPhoneSimulator = Debug|iPhoneSimulator
		Release|Any CPU = Release|Any CPU
		Release|iPhone = Release|iPhone
		Release|iPhoneSimulator = Release|iPhoneSimulator
	EndGlobalSection
	GlobalSection(ProjectConfigurationPlatforms) = postSolution
		{C6C7B2CF-E7A2-4609-8A36-80D765628235}.Debug|Any CPU.ActiveCfg = Debug|Any CPU
		{C6C7B2CF-E7A2-4609-8A36-80D765628235}.Debug|Any CPU.Build.0 = Debug|Any CPU
		{C6C7B2CF-E7A2-4609-8A36-80D765628235}.Debug|Any CPU.Deploy.0 = Debug|Any CPU
		{C6C7B2CF-E7A2-4609-8A36-80D765628235}.Debug|iPhone.ActiveCfg = Debug|Any CPU
		{C6C7B2CF-E7A2-4609-8A36-80D765628235}.Debug|iPhone.Build.0 = Debug|Any CPU
		{C6C7B2CF-E7A2-4609-8A36-80D765628235}.Debug|iPhone.Deploy.0 = Debug|Any CPU
		{C6C7B2CF-E7A2-4609-8A36-80D765628235}.Debug|iPhoneSimulator.ActiveCfg = Debug|Any CPU
		{C6C7B2CF-E7A2-4609-8A36-80D765628235}.Debug|iPhoneSimulator.Build.0 = Debug|Any CPU
		{C6C7B2CF-E7A2-4609-8A36-80D765628235}.Debug|iPhoneSimulator.Deploy.0 = Debug|Any CPU
		{C6C7B2CF-E7A2-4609-8A36-80D765628235}.Release|Any CPU.ActiveCfg = Release|Any CPU
		{C6C7B2CF-E7A2-4609-8A36-80D765628235}.Release|Any CPU.Build.0 = Release|Any CPU
		{C6C7B2CF-E7A2-4609-8A36-80D765628235}.Release|Any CPU.Deploy.0 = Release|Any CPU
		{C6C7B2CF-E7A2-4609-8A36-80D765628235}.Release|iPhone.ActiveCfg = Release|Any CPU
		{C6C7B2CF-E7A2-4609-8A36-80D765628235}.Release|iPhone.Build.0 = Release|Any CPU
		{C6C7B2CF-E7A2-4609-8A36-80D765628235}.Release|iPhone.Deploy.0 = Release|Any CPU
		{C6C7B2CF-E7A2-4609-8A36-80D765628235}.Release|iPhoneSimulator.ActiveCfg = Release|Any CPU
		{C6C7B2CF-E7A2-4609-8A36-80D765628235}.Release|iPhoneSimulator.Build.0 = Release|Any CPU
		{C6C7B2CF-E7A2-4609-8A36-80D765628235}.Release|iPhoneSimulator.Deploy.0 = Release|Any CPU
		{4C591192-6E15-43F9-B6E1-BC499098F2A9}.Debug|Any CPU.ActiveCfg = Debug|iPhone
		{4C591192-6E15-43F9-B6E1-BC499098F2A9}.Debug|Any CPU.Build.0 = Debug|iPhone
		{4C591192-6E15-43F9-B6E1-BC499098F2A9}.Debug|Any CPU.Deploy.0 = Debug|iPhone
		{4C591192-6E15-43F9-B6E1-BC499098F2A9}.Debug|iPhone.ActiveCfg = Debug|iPhone
		{4C591192-6E15-43F9-B6E1-BC499098F2A9}.Debug|iPhone.Build.0 = Debug|iPhone
		{4C591192-6E15-43F9-B6E1-BC499098F2A9}.Debug|iPhone.Deploy.0 = Debug|iPhone
		{4C591192-6E15-43F9-B6E1-BC499098F2A9}.Debug|iPhoneSimulator.ActiveCfg = Debug|iPhoneSimulator
		{4C591192-6E15-43F9-B6E1-BC499098F2A9}.Debug|iPhoneSimulator.Build.0 = Debug|iPhoneSimulator
		{4C591192-6E15-43F9-B6E1-BC499098F2A9}.Debug|iPhoneSimulator.Deploy.0 = Debug|iPhoneSimulator
		{4C591192-6E15-43F9-B6E1-BC499098F2A9}.Release|Any CPU.ActiveCfg = Release|iPhoneSimulator
		{4C591192-6E15-43F9-B6E1-BC499098F2A9}.Release|Any CPU.Build.0 = Release|iPhoneSimulator
		{4C591192-6E15-43F9-B6E1-BC499098F2A9}.Release|Any CPU.Deploy.0 = Release|iPhoneSimulator
		{4C591192-6E15-43F9-B6E1-BC499098F2A9}.Release|iPhone.ActiveCfg = Release|iPhone
		{4C591192-6E15-43F9-B6E1-BC499098F2A9}.Release|iPhone.Build.0 = Release|iPhone
		{4C591192-6E15-43F9-B6E1-BC499098F2A9}.Release|iPhone.Deploy.0 = Release|iPhone
		{4C591192-6E15-43F9-B6E1-BC499098F2A9}.Release|iPhoneSimulator.ActiveCfg = Release|iPhoneSimulator
		{4C591192-6E15-43F9-B6E1-BC499098F2A9}.Release|iPhoneSimulator.Build.0 = Release|iPhoneSimulator
		{4C591192-6E15-43F9-B6E1-BC499098F2A9}.Release|iPhoneSimulator.Deploy.0 = Release|iPhoneSimulator
		{7B69E434-F5BB-4AD3-A071-5D50CDD82D12}.Debug|Any CPU.ActiveCfg = Debug|Any CPU
		{7B69E434-F5BB-4AD3-A071-5D50CDD82D12}.Debug|Any CPU.Build.0 = Debug|Any CPU
		{7B69E434-F5BB-4AD3-A071-5D50CDD82D12}.Debug|Any CPU.Deploy.0 = Debug|Any CPU
		{7B69E434-F5BB-4AD3-A071-5D50CDD82D12}.Debug|iPhone.ActiveCfg = Debug|Any CPU
		{7B69E434-F5BB-4AD3-A071-5D50CDD82D12}.Debug|iPhone.Build.0 = Debug|Any CPU
		{7B69E434-F5BB-4AD3-A071-5D50CDD82D12}.Debug|iPhone.Deploy.0 = Debug|Any CPU
		{7B69E434-F5BB-4AD3-A071-5D50CDD82D12}.Debug|iPhoneSimulator.ActiveCfg = Debug|Any CPU
		{7B69E434-F5BB-4AD3-A071-5D50CDD82D12}.Debug|iPhoneSimulator.Build.0 = Debug|Any CPU
		{7B69E434-F5BB-4AD3-A071-5D50CDD82D12}.Debug|iPhoneSimulator.Deploy.0 = Debug|Any CPU
		{7B69E434-F5BB-4AD3-A071-5D50CDD82D12}.Release|Any CPU.ActiveCfg = Release|Any CPU
		{7B69E434-F5BB-4AD3-A071-5D50CDD82D12}.Release|Any CPU.Build.0 = Release|Any CPU
		{7B69E434-F5BB-4AD3-A071-5D50CDD82D12}.Release|Any CPU.Deploy.0 = Release|Any CPU
		{7B69E434-F5BB-4AD3-A071-5D50CDD82D12}.Release|iPhone.ActiveCfg = Release|Any CPU
		{7B69E434-F5BB-4AD3-A071-5D50CDD82D12}.Release|iPhone.Build.0 = Release|Any CPU
		{7B69E434-F5BB-4AD3-A071-5D50CDD82D12}.Release|iPhone.Deploy.0 = Release|Any CPU
		{7B69E434-F5BB-4AD3-A071-5D50CDD82D12}.Release|iPhoneSimulator.ActiveCfg = Release|Any CPU
		{7B69E434-F5BB-4AD3-A071-5D50CDD82D12}.Release|iPhoneSimulator.Build.0 = Release|Any CPU
		{7B69E434-F5BB-4AD3-A071-5D50CDD82D12}.Release|iPhoneSimulator.Deploy.0 = Release|Any CPU
	EndGlobalSection
	GlobalSection(SolutionProperties) = preSolution
		HideSolutionNode = FALSE
	EndGlobalSection
	GlobalSection(ExtensibilityGlobals) = postSolution
		SolutionGuid = {FC28B54B-6720-4D3B-BB27-3015C04DF8B8}
	EndGlobalSection
EndGlobal
